
Microsoft Visual Studio Solution File, Format Version 12.00
# Visual Studio Version 17
VisualStudioVersion = 17.9.34622.214
MinimumVisualStudioVersion = 10.0.40219.1
Project("{9A19103F-16F7-4668-BE54-9A1E7A4F7556}") = "AreaOfFigures", "AreaOfFigures.csproj", "{0F587E89-9E42-41D9-BC55-C38754C6A9A3}"
EndProject
Project("{9A19103F-16F7-4668-BE54-9A1E7A4F7556}") = "Tests", "..\Tests\Tests.csproj", "{B4A5E335-3AF6-4666-8175-92E7C5788B7F}"
EndProject
Global
	GlobalSection(SolutionConfigurationPlatforms) = preSolution
		Debug|Any CPU = Debug|Any CPU
		Release|Any CPU = Release|Any CPU
	EndGlobalSection
	GlobalSection(ProjectConfigurationPlatforms) = postSolution
		{0F587E89-9E42-41D9-BC55-C38754C6A9A3}.Debug|Any CPU.ActiveCfg = Debug|Any CPU
		{0F587E89-9E42-41D9-BC55-C38754C6A9A3}.Debug|Any CPU.Build.0 = Debug|Any CPU
		{0F587E89-9E42-41D9-BC55-C38754C6A9A3}.Release|Any CPU.ActiveCfg = Release|Any CPU
		{0F587E89-9E42-41D9-BC55-C38754C6A9A3}.Release|Any CPU.Build.0 = Release|Any CPU
		{B4A5E335-3AF6-4666-8175-92E7C5788B7F}.Debug|Any CPU.ActiveCfg = Debug|Any CPU
		{B4A5E335-3AF6-4666-8175-92E7C5788B7F}.Debug|Any CPU.Build.0 = Debug|Any CPU
		{B4A5E335-3AF6-4666-8175-92E7C5788B7F}.Release|Any CPU.ActiveCfg = Release|Any CPU
		{B4A5E335-3AF6-4666-8175-92E7C5788B7F}.Release|Any CPU.Build.0 = Release|Any CPU
	EndGlobalSection
	GlobalSection(SolutionProperties) = preSolution
		HideSolutionNode = FALSE
	EndGlobalSection
	GlobalSection(ExtensibilityGlobals) = postSolution
		SolutionGuid = {670B87B9-0967-4252-AE96-CFC4B8B60066}
	EndGlobalSection
EndGlobal
